// !$*UTF8*$!
{
	archiveVersion = 1;
	classes = {
	};
	objectVersion = 56;
	objects = {

/* Begin PBXBuildFile section */
		4524A0962C0A3CF1002A3B40 /* Xiuxiueig_iOSApp.swift in Sources */ = {isa = PBXBuildFile; fileRef = 4524A0952C0A3CF1002A3B40 /* Xiuxiueig_iOSApp.swift */; };
		4524A09A2C0A3CF2002A3B40 /* Assets.xcassets in Resources */ = {isa = PBXBuildFile; fileRef = 4524A0992C0A3CF2002A3B40 /* Assets.xcassets */; };
		4524A09D2C0A3CF2002A3B40 /* Preview Assets.xcassets in Resources */ = {isa = PBXBuildFile; fileRef = 4524A09C2C0A3CF2002A3B40 /* Preview Assets.xcassets */; };
		4524A0A72C0A3CF2002A3B40 /* Xiuxiueig_iOSTests.swift in Sources */ = {isa = PBXBuildFile; fileRef = 4524A0A62C0A3CF2002A3B40 /* Xiuxiueig_iOSTests.swift */; };
		4524A0B12C0A3CF2002A3B40 /* Xiuxiueig_iOSUITests.swift in Sources */ = {isa = PBXBuildFile; fileRef = 4524A0B02C0A3CF2002A3B40 /* Xiuxiueig_iOSUITests.swift */; };
		4524A0B32C0A3CF2002A3B40 /* Xiuxiueig_iOSUITestsLaunchTests.swift in Sources */ = {isa = PBXBuildFile; fileRef = 4524A0B22C0A3CF2002A3B40 /* Xiuxiueig_iOSUITestsLaunchTests.swift */; };
		4544985A2C248D5B005357FD /* XEntities in Frameworks */ = {isa = PBXBuildFile; productRef = 454498592C248D5B005357FD /* XEntities */; };
		4544985C2C248D66005357FD /* XCoordinator in Frameworks */ = {isa = PBXBuildFile; productRef = 4544985B2C248D66005357FD /* XCoordinator */; };
		4544985E2C248D74005357FD /* XLectureCollection in Frameworks */ = {isa = PBXBuildFile; productRef = 4544985D2C248D74005357FD /* XLectureCollection */; };
		454498602C248D74005357FD /* XToolKit in Frameworks */ = {isa = PBXBuildFile; productRef = 4544985F2C248D74005357FD /* XToolKit */; };
		454498622C248D80005357FD /* XLectureDetails in Frameworks */ = {isa = PBXBuildFile; productRef = 454498612C248D80005357FD /* XLectureDetails */; };
		454498642C249244005357FD /* CollectionFlowCoordinator+Features.swift in Sources */ = {isa = PBXBuildFile; fileRef = 454498632C249244005357FD /* CollectionFlowCoordinator+Features.swift */; };
		454498662C2492A2005357FD /* CollectionFlowCoordinator+CoordinationRequestProtocol.swift in Sources */ = {isa = PBXBuildFile; fileRef = 454498652C2492A2005357FD /* CollectionFlowCoordinator+CoordinationRequestProtocol.swift */; };
		454498682C2494E6005357FD /* CollectionFlowCoordinator+ViewBuilder.swift in Sources */ = {isa = PBXBuildFile; fileRef = 454498672C2494E6005357FD /* CollectionFlowCoordinator+ViewBuilder.swift */; };
		4544986A2C2496E7005357FD /* XLectureDetailsAdapter.swift in Sources */ = {isa = PBXBuildFile; fileRef = 454498692C2496E7005357FD /* XLectureDetailsAdapter.swift */; };
		4544986D2C26B740005357FD /* AppFlowCoordinator.swift in Sources */ = {isa = PBXBuildFile; fileRef = 4544986C2C26B740005357FD /* AppFlowCoordinator.swift */; };
		4544986F2C26B754005357FD /* AppFlowView.swift in Sources */ = {isa = PBXBuildFile; fileRef = 4544986E2C26B754005357FD /* AppFlowView.swift */; };
		454498722C27FDD4005357FD /* XLogin in Frameworks */ = {isa = PBXBuildFile; productRef = 454498712C27FDD4005357FD /* XLogin */; };
		454498742C2811F9005357FD /* AppFlowCoordinator+Login.swift in Sources */ = {isa = PBXBuildFile; fileRef = 454498732C2811F9005357FD /* AppFlowCoordinator+Login.swift */; };
		454498762C281270005357FD /* XLoginAdapter.swift in Sources */ = {isa = PBXBuildFile; fileRef = 454498752C281270005357FD /* XLoginAdapter.swift */; };
		454498782C28138C005357FD /* AppFlowCoordinator+XCoordinationRequestProtocol.swift in Sources */ = {isa = PBXBuildFile; fileRef = 454498772C28138C005357FD /* AppFlowCoordinator+XCoordinationRequestProtocol.swift */; };
		4544987A2C28140C005357FD /* AppFlowCoordinator+LoggedIn.swift in Sources */ = {isa = PBXBuildFile; fileRef = 454498792C28140C005357FD /* AppFlowCoordinator+LoggedIn.swift */; };
		4544987C2C28146D005357FD /* AppFlowCoordinator+Onboarding.swift in Sources */ = {isa = PBXBuildFile; fileRef = 4544987B2C28146D005357FD /* AppFlowCoordinator+Onboarding.swift */; };
		454498812C281EA1005357FD /* XOnboarding in Frameworks */ = {isa = PBXBuildFile; productRef = 454498802C281EA1005357FD /* XOnboarding */; };
		454498832C281EF5005357FD /* XOnboardingAdapter.swift in Sources */ = {isa = PBXBuildFile; fileRef = 454498822C281EF5005357FD /* XOnboardingAdapter.swift */; };
		454CFD372C35C66D00FA2CA5 /* XPreferences in Frameworks */ = {isa = PBXBuildFile; productRef = 454CFD362C35C66D00FA2CA5 /* XPreferences */; };
		454CFD3A2C385A9400FA2CA5 /* PreferencesKeys.swift in Sources */ = {isa = PBXBuildFile; fileRef = 454CFD392C385A9400FA2CA5 /* PreferencesKeys.swift */; };
		454CFD3C2C3949DF00FA2CA5 /* LoggedInFlowContext.swift in Sources */ = {isa = PBXBuildFile; fileRef = 454CFD3B2C3949DF00FA2CA5 /* LoggedInFlowContext.swift */; };
		454CFD3E2C394C7900FA2CA5 /* CollectionFlowContext.swift in Sources */ = {isa = PBXBuildFile; fileRef = 454CFD3D2C394C7900FA2CA5 /* CollectionFlowContext.swift */; };
		454CFD442C39864800FA2CA5 /* SettingsFlowContext.swift in Sources */ = {isa = PBXBuildFile; fileRef = 454CFD432C39864800FA2CA5 /* SettingsFlowContext.swift */; };
		454CFD462C39867800FA2CA5 /* SettingsFlowCoordinator.swift in Sources */ = {isa = PBXBuildFile; fileRef = 454CFD452C39867800FA2CA5 /* SettingsFlowCoordinator.swift */; };
		454CFD482C39873D00FA2CA5 /* SettingsFlowCoordinator+CoordinationRequestProtocol.swift in Sources */ = {isa = PBXBuildFile; fileRef = 454CFD472C39873D00FA2CA5 /* SettingsFlowCoordinator+CoordinationRequestProtocol.swift */; };
		454CFD4A2C39878800FA2CA5 /* SettingsFlowCoordinator+Features.swift in Sources */ = {isa = PBXBuildFile; fileRef = 454CFD492C39878800FA2CA5 /* SettingsFlowCoordinator+Features.swift */; };
		454CFD4C2C3987FF00FA2CA5 /* SettingsFlowCoordinator+ViewBuilder.swift in Sources */ = {isa = PBXBuildFile; fileRef = 454CFD4B2C3987FF00FA2CA5 /* SettingsFlowCoordinator+ViewBuilder.swift */; };
		454CFD4E2C39882D00FA2CA5 /* SettingsFlowView.swift in Sources */ = {isa = PBXBuildFile; fileRef = 454CFD4D2C39882D00FA2CA5 /* SettingsFlowView.swift */; };
		454CFD512C398C7D00FA2CA5 /* XSettings in Frameworks */ = {isa = PBXBuildFile; productRef = 454CFD502C398C7D00FA2CA5 /* XSettings */; };
		454CFD532C398C9700FA2CA5 /* XSettingsAdapter.swift in Sources */ = {isa = PBXBuildFile; fileRef = 454CFD522C398C9700FA2CA5 /* XSettingsAdapter.swift */; };
		456038F72C20A8F300BE25FC /* CollectionFlowCoordinator.swift in Sources */ = {isa = PBXBuildFile; fileRef = 456038F62C20A8F300BE25FC /* CollectionFlowCoordinator.swift */; };
		456038F92C20A90900BE25FC /* CollectionFlowView.swift in Sources */ = {isa = PBXBuildFile; fileRef = 456038F82C20A90900BE25FC /* CollectionFlowView.swift */; };
		456038FC2C22055700BE25FC /* XLectureCollectionAdapter.swift in Sources */ = {isa = PBXBuildFile; fileRef = 456038FB2C22055700BE25FC /* XLectureCollectionAdapter.swift */; };
		458100C82C16167F00F2AC0A /* LoggedInFlowCoordinator.swift in Sources */ = {isa = PBXBuildFile; fileRef = 458100C72C16167F00F2AC0A /* LoggedInFlowCoordinator.swift */; };
		458100CA2C16169B00F2AC0A /* LoggedInFlowView.swift in Sources */ = {isa = PBXBuildFile; fileRef = 458100C92C16169B00F2AC0A /* LoggedInFlowView.swift */; };
		45E2C60C2C3AEEC900951264 /* XPlayer in Frameworks */ = {isa = PBXBuildFile; productRef = 45E2C60B2C3AEEC900951264 /* XPlayer */; };
		45E2C60F2C3AF6FF00951264 /* PlayerFlowContext.swift in Sources */ = {isa = PBXBuildFile; fileRef = 45E2C60E2C3AF6FF00951264 /* PlayerFlowContext.swift */; };
		45E2C6152C3AF76500951264 /* PlayerFlowCoordinator.swift in Sources */ = {isa = PBXBuildFile; fileRef = 45E2C6102C3AF76500951264 /* PlayerFlowCoordinator.swift */; };
		45E2C6162C3AF76500951264 /* PlayerFlowCoordinator+CoordinationRequestProtocol.swift in Sources */ = {isa = PBXBuildFile; fileRef = 45E2C6112C3AF76500951264 /* PlayerFlowCoordinator+CoordinationRequestProtocol.swift */; };
		45E2C6172C3AF76500951264 /* PlayerFlowCoordinator+ViewBuilder.swift in Sources */ = {isa = PBXBuildFile; fileRef = 45E2C6122C3AF76500951264 /* PlayerFlowCoordinator+ViewBuilder.swift */; };
		45E2C6182C3AF76500951264 /* PlayerFlowView.swift in Sources */ = {isa = PBXBuildFile; fileRef = 45E2C6132C3AF76500951264 /* PlayerFlowView.swift */; };
		45E2C6192C3AF76500951264 /* PlayerFlowCoordinator+Features.swift in Sources */ = {isa = PBXBuildFile; fileRef = 45E2C6142C3AF76500951264 /* PlayerFlowCoordinator+Features.swift */; };
		45E2C61B2C3AF8AA00951264 /* XPlayerAdapter.swift in Sources */ = {isa = PBXBuildFile; fileRef = 45E2C61A2C3AF8AA00951264 /* XPlayerAdapter.swift */; };
		45E2C61F2C46756400951264 /* XRepositories in Frameworks */ = {isa = PBXBuildFile; productRef = 45E2C61E2C46756400951264 /* XRepositories */; };
/* End PBXBuildFile section */

/* Begin PBXContainerItemProxy section */
		4524A0A32C0A3CF2002A3B40 /* PBXContainerItemProxy */ = {
			isa = PBXContainerItemProxy;
			containerPortal = 4524A08A2C0A3CF1002A3B40 /* Project object */;
			proxyType = 1;
			remoteGlobalIDString = 4524A0912C0A3CF1002A3B40;
			remoteInfo = Xiuxiueig_iOS;
		};
		4524A0AD2C0A3CF2002A3B40 /* PBXContainerItemProxy */ = {
			isa = PBXContainerItemProxy;
			containerPortal = 4524A08A2C0A3CF1002A3B40 /* Project object */;
			proxyType = 1;
			remoteGlobalIDString = 4524A0912C0A3CF1002A3B40;
			remoteInfo = Xiuxiueig_iOS;
		};
/* End PBXContainerItemProxy section */

/* Begin PBXFileReference section */
		4524A0922C0A3CF1002A3B40 /* Xiuxiueig.app */ = {isa = PBXFileReference; explicitFileType = wrapper.application; includeInIndex = 0; path = Xiuxiueig.app; sourceTree = BUILT_PRODUCTS_DIR; };
		4524A0952C0A3CF1002A3B40 /* Xiuxiueig_iOSApp.swift */ = {isa = PBXFileReference; lastKnownFileType = sourcecode.swift; path = Xiuxiueig_iOSApp.swift; sourceTree = "<group>"; };
		4524A0992C0A3CF2002A3B40 /* Assets.xcassets */ = {isa = PBXFileReference; lastKnownFileType = folder.assetcatalog; path = Assets.xcassets; sourceTree = "<group>"; };
		4524A09C2C0A3CF2002A3B40 /* Preview Assets.xcassets */ = {isa = PBXFileReference; lastKnownFileType = folder.assetcatalog; path = "Preview Assets.xcassets"; sourceTree = "<group>"; };
		4524A0A22C0A3CF2002A3B40 /* Xiuxiueig_iOSTests.xctest */ = {isa = PBXFileReference; explicitFileType = wrapper.cfbundle; includeInIndex = 0; path = Xiuxiueig_iOSTests.xctest; sourceTree = BUILT_PRODUCTS_DIR; };
		4524A0A62C0A3CF2002A3B40 /* Xiuxiueig_iOSTests.swift */ = {isa = PBXFileReference; lastKnownFileType = sourcecode.swift; path = Xiuxiueig_iOSTests.swift; sourceTree = "<group>"; };
		4524A0AC2C0A3CF2002A3B40 /* Xiuxiueig_iOSUITests.xctest */ = {isa = PBXFileReference; explicitFileType = wrapper.cfbundle; includeInIndex = 0; path = Xiuxiueig_iOSUITests.xctest; sourceTree = BUILT_PRODUCTS_DIR; };
		4524A0B02C0A3CF2002A3B40 /* Xiuxiueig_iOSUITests.swift */ = {isa = PBXFileReference; lastKnownFileType = sourcecode.swift; path = Xiuxiueig_iOSUITests.swift; sourceTree = "<group>"; };
		4524A0B22C0A3CF2002A3B40 /* Xiuxiueig_iOSUITestsLaunchTests.swift */ = {isa = PBXFileReference; lastKnownFileType = sourcecode.swift; path = Xiuxiueig_iOSUITestsLaunchTests.swift; sourceTree = "<group>"; };
		454498632C249244005357FD /* CollectionFlowCoordinator+Features.swift */ = {isa = PBXFileReference; lastKnownFileType = sourcecode.swift; path = "CollectionFlowCoordinator+Features.swift"; sourceTree = "<group>"; };
		454498652C2492A2005357FD /* CollectionFlowCoordinator+CoordinationRequestProtocol.swift */ = {isa = PBXFileReference; lastKnownFileType = sourcecode.swift; path = "CollectionFlowCoordinator+CoordinationRequestProtocol.swift"; sourceTree = "<group>"; };
		454498672C2494E6005357FD /* CollectionFlowCoordinator+ViewBuilder.swift */ = {isa = PBXFileReference; lastKnownFileType = sourcecode.swift; path = "CollectionFlowCoordinator+ViewBuilder.swift"; sourceTree = "<group>"; };
		454498692C2496E7005357FD /* XLectureDetailsAdapter.swift */ = {isa = PBXFileReference; lastKnownFileType = sourcecode.swift; path = XLectureDetailsAdapter.swift; sourceTree = "<group>"; };
		4544986C2C26B740005357FD /* AppFlowCoordinator.swift */ = {isa = PBXFileReference; lastKnownFileType = sourcecode.swift; path = AppFlowCoordinator.swift; sourceTree = "<group>"; };
		4544986E2C26B754005357FD /* AppFlowView.swift */ = {isa = PBXFileReference; lastKnownFileType = sourcecode.swift; path = AppFlowView.swift; sourceTree = "<group>"; };
		454498702C26E2F0005357FD /* XLogin */ = {isa = PBXFileReference; lastKnownFileType = wrapper; path = XLogin; sourceTree = "<group>"; };
		454498732C2811F9005357FD /* AppFlowCoordinator+Login.swift */ = {isa = PBXFileReference; lastKnownFileType = sourcecode.swift; path = "AppFlowCoordinator+Login.swift"; sourceTree = "<group>"; };
		454498752C281270005357FD /* XLoginAdapter.swift */ = {isa = PBXFileReference; lastKnownFileType = sourcecode.swift; path = XLoginAdapter.swift; sourceTree = "<group>"; };
		454498772C28138C005357FD /* AppFlowCoordinator+XCoordinationRequestProtocol.swift */ = {isa = PBXFileReference; lastKnownFileType = sourcecode.swift; path = "AppFlowCoordinator+XCoordinationRequestProtocol.swift"; sourceTree = "<group>"; };
		454498792C28140C005357FD /* AppFlowCoordinator+LoggedIn.swift */ = {isa = PBXFileReference; lastKnownFileType = sourcecode.swift; path = "AppFlowCoordinator+LoggedIn.swift"; sourceTree = "<group>"; };
		4544987B2C28146D005357FD /* AppFlowCoordinator+Onboarding.swift */ = {isa = PBXFileReference; lastKnownFileType = sourcecode.swift; path = "AppFlowCoordinator+Onboarding.swift"; sourceTree = "<group>"; };
		4544987F2C281CB3005357FD /* XOnboarding */ = {isa = PBXFileReference; lastKnownFileType = wrapper; path = XOnboarding; sourceTree = "<group>"; };
		454498822C281EF5005357FD /* XOnboardingAdapter.swift */ = {isa = PBXFileReference; lastKnownFileType = sourcecode.swift; path = XOnboardingAdapter.swift; sourceTree = "<group>"; };
		454498852C2F0748005357FD /* XRepositories */ = {isa = PBXFileReference; lastKnownFileType = wrapper; path = XRepositories; sourceTree = "<group>"; };
		454CFD352C330F8400FA2CA5 /* XPreferences */ = {isa = PBXFileReference; lastKnownFileType = wrapper; path = XPreferences; sourceTree = "<group>"; };
		454CFD392C385A9400FA2CA5 /* PreferencesKeys.swift */ = {isa = PBXFileReference; lastKnownFileType = sourcecode.swift; path = PreferencesKeys.swift; sourceTree = "<group>"; };
		454CFD3B2C3949DF00FA2CA5 /* LoggedInFlowContext.swift */ = {isa = PBXFileReference; lastKnownFileType = sourcecode.swift; path = LoggedInFlowContext.swift; sourceTree = "<group>"; };
		454CFD3D2C394C7900FA2CA5 /* CollectionFlowContext.swift */ = {isa = PBXFileReference; lastKnownFileType = sourcecode.swift; path = CollectionFlowContext.swift; sourceTree = "<group>"; };
		454CFD432C39864800FA2CA5 /* SettingsFlowContext.swift */ = {isa = PBXFileReference; fileEncoding = 4; lastKnownFileType = sourcecode.swift; path = SettingsFlowContext.swift; sourceTree = "<group>"; };
		454CFD452C39867800FA2CA5 /* SettingsFlowCoordinator.swift */ = {isa = PBXFileReference; fileEncoding = 4; lastKnownFileType = sourcecode.swift; path = SettingsFlowCoordinator.swift; sourceTree = "<group>"; };
		454CFD472C39873D00FA2CA5 /* SettingsFlowCoordinator+CoordinationRequestProtocol.swift */ = {isa = PBXFileReference; fileEncoding = 4; lastKnownFileType = sourcecode.swift; path = "SettingsFlowCoordinator+CoordinationRequestProtocol.swift"; sourceTree = "<group>"; };
		454CFD492C39878800FA2CA5 /* SettingsFlowCoordinator+Features.swift */ = {isa = PBXFileReference; fileEncoding = 4; lastKnownFileType = sourcecode.swift; path = "SettingsFlowCoordinator+Features.swift"; sourceTree = "<group>"; };
		454CFD4B2C3987FF00FA2CA5 /* SettingsFlowCoordinator+ViewBuilder.swift */ = {isa = PBXFileReference; fileEncoding = 4; lastKnownFileType = sourcecode.swift; path = "SettingsFlowCoordinator+ViewBuilder.swift"; sourceTree = "<group>"; };
		454CFD4D2C39882D00FA2CA5 /* SettingsFlowView.swift */ = {isa = PBXFileReference; fileEncoding = 4; lastKnownFileType = sourcecode.swift; path = SettingsFlowView.swift; sourceTree = "<group>"; };
		454CFD4F2C398BCC00FA2CA5 /* XSettings */ = {isa = PBXFileReference; lastKnownFileType = wrapper; path = XSettings; sourceTree = "<group>"; };
		454CFD522C398C9700FA2CA5 /* XSettingsAdapter.swift */ = {isa = PBXFileReference; lastKnownFileType = sourcecode.swift; path = XSettingsAdapter.swift; sourceTree = "<group>"; };
		456038EE2C1ED91B00BE25FC /* XEntities */ = {isa = PBXFileReference; lastKnownFileType = wrapper; path = XEntities; sourceTree = "<group>"; };
		456038F22C1EEDDB00BE25FC /* XLectureCollection */ = {isa = PBXFileReference; lastKnownFileType = wrapper; path = XLectureCollection; sourceTree = "<group>"; };
		456038F62C20A8F300BE25FC /* CollectionFlowCoordinator.swift */ = {isa = PBXFileReference; lastKnownFileType = sourcecode.swift; path = CollectionFlowCoordinator.swift; sourceTree = "<group>"; };
		456038F82C20A90900BE25FC /* CollectionFlowView.swift */ = {isa = PBXFileReference; lastKnownFileType = sourcecode.swift; path = CollectionFlowView.swift; sourceTree = "<group>"; };
		456038FB2C22055700BE25FC /* XLectureCollectionAdapter.swift */ = {isa = PBXFileReference; lastKnownFileType = sourcecode.swift; path = XLectureCollectionAdapter.swift; sourceTree = "<group>"; };
		456038FD2C24891F00BE25FC /* XLectureDetails */ = {isa = PBXFileReference; lastKnownFileType = wrapper; path = XLectureDetails; sourceTree = "<group>"; };
		458100C72C16167F00F2AC0A /* LoggedInFlowCoordinator.swift */ = {isa = PBXFileReference; lastKnownFileType = sourcecode.swift; path = LoggedInFlowCoordinator.swift; sourceTree = "<group>"; };
		458100C92C16169B00F2AC0A /* LoggedInFlowView.swift */ = {isa = PBXFileReference; lastKnownFileType = sourcecode.swift; path = LoggedInFlowView.swift; sourceTree = "<group>"; };
		458100CF2C17722700F2AC0A /* XToolKit */ = {isa = PBXFileReference; lastKnownFileType = wrapper; path = XToolKit; sourceTree = "<group>"; };
		45B086EC2C15A0020055659F /* XCoordinator */ = {isa = PBXFileReference; lastKnownFileType = wrapper; path = XCoordinator; sourceTree = "<group>"; };
		45E2C60A2C3AED4000951264 /* XPlayer */ = {isa = PBXFileReference; lastKnownFileType = wrapper; path = XPlayer; sourceTree = "<group>"; };
		45E2C60E2C3AF6FF00951264 /* PlayerFlowContext.swift */ = {isa = PBXFileReference; fileEncoding = 4; lastKnownFileType = sourcecode.swift; path = PlayerFlowContext.swift; sourceTree = "<group>"; };
		45E2C6102C3AF76500951264 /* PlayerFlowCoordinator.swift */ = {isa = PBXFileReference; fileEncoding = 4; lastKnownFileType = sourcecode.swift; path = PlayerFlowCoordinator.swift; sourceTree = "<group>"; };
		45E2C6112C3AF76500951264 /* PlayerFlowCoordinator+CoordinationRequestProtocol.swift */ = {isa = PBXFileReference; fileEncoding = 4; lastKnownFileType = sourcecode.swift; path = "PlayerFlowCoordinator+CoordinationRequestProtocol.swift"; sourceTree = "<group>"; };
		45E2C6122C3AF76500951264 /* PlayerFlowCoordinator+ViewBuilder.swift */ = {isa = PBXFileReference; fileEncoding = 4; lastKnownFileType = sourcecode.swift; path = "PlayerFlowCoordinator+ViewBuilder.swift"; sourceTree = "<group>"; };
		45E2C6132C3AF76500951264 /* PlayerFlowView.swift */ = {isa = PBXFileReference; fileEncoding = 4; lastKnownFileType = sourcecode.swift; path = PlayerFlowView.swift; sourceTree = "<group>"; };
		45E2C6142C3AF76500951264 /* PlayerFlowCoordinator+Features.swift */ = {isa = PBXFileReference; fileEncoding = 4; lastKnownFileType = sourcecode.swift; path = "PlayerFlowCoordinator+Features.swift"; sourceTree = "<group>"; };
		45E2C61A2C3AF8AA00951264 /* XPlayerAdapter.swift */ = {isa = PBXFileReference; lastKnownFileType = sourcecode.swift; path = XPlayerAdapter.swift; sourceTree = "<group>"; };
/* End PBXFileReference section */

/* Begin PBXFrameworksBuildPhase section */
		4524A08F2C0A3CF1002A3B40 /* Frameworks */ = {
			isa = PBXFrameworksBuildPhase;
			buildActionMask = 2147483647;
			files = (
				454498622C248D80005357FD /* XLectureDetails in Frameworks */,
				4544985C2C248D66005357FD /* XCoordinator in Frameworks */,
				4544985E2C248D74005357FD /* XLectureCollection in Frameworks */,
				454498812C281EA1005357FD /* XOnboarding in Frameworks */,
				45E2C60C2C3AEEC900951264 /* XPlayer in Frameworks */,
				454498722C27FDD4005357FD /* XLogin in Frameworks */,
				45E2C61F2C46756400951264 /* XRepositories in Frameworks */,
				454498602C248D74005357FD /* XToolKit in Frameworks */,
				454CFD372C35C66D00FA2CA5 /* XPreferences in Frameworks */,
				454CFD512C398C7D00FA2CA5 /* XSettings in Frameworks */,
				4544985A2C248D5B005357FD /* XEntities in Frameworks */,
			);
			runOnlyForDeploymentPostprocessing = 0;
		};
		4524A09F2C0A3CF2002A3B40 /* Frameworks */ = {
			isa = PBXFrameworksBuildPhase;
			buildActionMask = 2147483647;
			files = (
			);
			runOnlyForDeploymentPostprocessing = 0;
		};
		4524A0A92C0A3CF2002A3B40 /* Frameworks */ = {
			isa = PBXFrameworksBuildPhase;
			buildActionMask = 2147483647;
			files = (
			);
			runOnlyForDeploymentPostprocessing = 0;
		};
/* End PBXFrameworksBuildPhase section */

/* Begin PBXGroup section */
		4524A0892C0A3CF1002A3B40 = {
			isa = PBXGroup;
			children = (
				45B086EA2C159BC40055659F /* Packages */,
				4524A0942C0A3CF1002A3B40 /* Xiuxiueig_iOS */,
				4524A0A52C0A3CF2002A3B40 /* Xiuxiueig_iOSTests */,
				4524A0AF2C0A3CF2002A3B40 /* Xiuxiueig_iOSUITests */,
				4524A0932C0A3CF1002A3B40 /* Products */,
				458100CB2C16172100F2AC0A /* Frameworks */,
			);
			sourceTree = "<group>";
		};
		4524A0932C0A3CF1002A3B40 /* Products */ = {
			isa = PBXGroup;
			children = (
				4524A0922C0A3CF1002A3B40 /* Xiuxiueig.app */,
				4524A0A22C0A3CF2002A3B40 /* Xiuxiueig_iOSTests.xctest */,
				4524A0AC2C0A3CF2002A3B40 /* Xiuxiueig_iOSUITests.xctest */,
			);
			name = Products;
			sourceTree = "<group>";
		};
		4524A0942C0A3CF1002A3B40 /* Xiuxiueig_iOS */ = {
			isa = PBXGroup;
			children = (
				456038FA2C2203F500BE25FC /* Adapters */,
				4524A0992C0A3CF2002A3B40 /* Assets.xcassets */,
				458100C62C16166500F2AC0A /* Flows */,
				4524A09B2C0A3CF2002A3B40 /* Preview Content */,
				454CFD382C385A7700FA2CA5 /* Tools */,
				4524A0952C0A3CF1002A3B40 /* Xiuxiueig_iOSApp.swift */,
			);
			path = Xiuxiueig_iOS;
			sourceTree = "<group>";
		};
		4524A09B2C0A3CF2002A3B40 /* Preview Content */ = {
			isa = PBXGroup;
			children = (
				4524A09C2C0A3CF2002A3B40 /* Preview Assets.xcassets */,
			);
			path = "Preview Content";
			sourceTree = "<group>";
		};
		4524A0A52C0A3CF2002A3B40 /* Xiuxiueig_iOSTests */ = {
			isa = PBXGroup;
			children = (
				4524A0A62C0A3CF2002A3B40 /* Xiuxiueig_iOSTests.swift */,
			);
			path = Xiuxiueig_iOSTests;
			sourceTree = "<group>";
		};
		4524A0AF2C0A3CF2002A3B40 /* Xiuxiueig_iOSUITests */ = {
			isa = PBXGroup;
			children = (
				4524A0B02C0A3CF2002A3B40 /* Xiuxiueig_iOSUITests.swift */,
				4524A0B22C0A3CF2002A3B40 /* Xiuxiueig_iOSUITestsLaunchTests.swift */,
			);
			path = Xiuxiueig_iOSUITests;
			sourceTree = "<group>";
		};
		4544986B2C26B30D005357FD /* LoggedInFlow */ = {
			isa = PBXGroup;
			children = (
				458100C72C16167F00F2AC0A /* LoggedInFlowCoordinator.swift */,
				458100C92C16169B00F2AC0A /* LoggedInFlowView.swift */,
				454CFD3B2C3949DF00FA2CA5 /* LoggedInFlowContext.swift */,
			);
			path = LoggedInFlow;
			sourceTree = "<group>";
		};
		454498842C2F0705005357FD /* Data */ = {
			isa = PBXGroup;
			children = (
				454CFD352C330F8400FA2CA5 /* XPreferences */,
				454498852C2F0748005357FD /* XRepositories */,
			);
			path = Data;
			sourceTree = "<group>";
		};
		454CFD382C385A7700FA2CA5 /* Tools */ = {
			isa = PBXGroup;
			children = (
				454CFD392C385A9400FA2CA5 /* PreferencesKeys.swift */,
			);
			path = Tools;
			sourceTree = "<group>";
		};
		454CFD3F2C3985B700FA2CA5 /* SettingsFlow */ = {
			isa = PBXGroup;
			children = (
				454CFD432C39864800FA2CA5 /* SettingsFlowContext.swift */,
				454CFD452C39867800FA2CA5 /* SettingsFlowCoordinator.swift */,
				454CFD472C39873D00FA2CA5 /* SettingsFlowCoordinator+CoordinationRequestProtocol.swift */,
				454CFD492C39878800FA2CA5 /* SettingsFlowCoordinator+Features.swift */,
				454CFD4B2C3987FF00FA2CA5 /* SettingsFlowCoordinator+ViewBuilder.swift */,
				454CFD4D2C39882D00FA2CA5 /* SettingsFlowView.swift */,
			);
			path = SettingsFlow;
			sourceTree = "<group>";
		};
		456038F12C1EED7C00BE25FC /* Features */ = {
			isa = PBXGroup;
			children = (
				45E2C60A2C3AED4000951264 /* XPlayer */,
				456038F22C1EEDDB00BE25FC /* XLectureCollection */,
				456038FD2C24891F00BE25FC /* XLectureDetails */,
				454498702C26E2F0005357FD /* XLogin */,
				4544987F2C281CB3005357FD /* XOnboarding */,
				454CFD4F2C398BCC00FA2CA5 /* XSettings */,
			);
			path = Features;
			sourceTree = "<group>";
		};
		456038F52C20A8CC00BE25FC /* CollectionFlow */ = {
			isa = PBXGroup;
			children = (
				456038F62C20A8F300BE25FC /* CollectionFlowCoordinator.swift */,
				456038F82C20A90900BE25FC /* CollectionFlowView.swift */,
				454498632C249244005357FD /* CollectionFlowCoordinator+Features.swift */,
				454498652C2492A2005357FD /* CollectionFlowCoordinator+CoordinationRequestProtocol.swift */,
				454498672C2494E6005357FD /* CollectionFlowCoordinator+ViewBuilder.swift */,
				454CFD3D2C394C7900FA2CA5 /* CollectionFlowContext.swift */,
			);
			path = CollectionFlow;
			sourceTree = "<group>";
		};
		456038FA2C2203F500BE25FC /* Adapters */ = {
			isa = PBXGroup;
			children = (
				456038FB2C22055700BE25FC /* XLectureCollectionAdapter.swift */,
				454498692C2496E7005357FD /* XLectureDetailsAdapter.swift */,
				454498752C281270005357FD /* XLoginAdapter.swift */,
				454498822C281EF5005357FD /* XOnboardingAdapter.swift */,
				454CFD522C398C9700FA2CA5 /* XSettingsAdapter.swift */,
				45E2C61A2C3AF8AA00951264 /* XPlayerAdapter.swift */,
			);
			path = Adapters;
			sourceTree = "<group>";
		};
		458100C62C16166500F2AC0A /* Flows */ = {
			isa = PBXGroup;
			children = (
				45E2C60D2C3AF60D00951264 /* PlayerFlow */,
				454CFD3F2C3985B700FA2CA5 /* SettingsFlow */,
				4544986B2C26B30D005357FD /* LoggedInFlow */,
				456038F52C20A8CC00BE25FC /* CollectionFlow */,
				4544986C2C26B740005357FD /* AppFlowCoordinator.swift */,
				4544986E2C26B754005357FD /* AppFlowView.swift */,
				454498732C2811F9005357FD /* AppFlowCoordinator+Login.swift */,
				454498772C28138C005357FD /* AppFlowCoordinator+XCoordinationRequestProtocol.swift */,
				454498792C28140C005357FD /* AppFlowCoordinator+LoggedIn.swift */,
				4544987B2C28146D005357FD /* AppFlowCoordinator+Onboarding.swift */,
			);
			path = Flows;
			sourceTree = "<group>";
		};
		458100CB2C16172100F2AC0A /* Frameworks */ = {
			isa = PBXGroup;
			children = (
			);
			name = Frameworks;
			sourceTree = "<group>";
		};
		45B086EA2C159BC40055659F /* Packages */ = {
			isa = PBXGroup;
			children = (
				454498842C2F0705005357FD /* Data */,
				456038F12C1EED7C00BE25FC /* Features */,
				45B086EC2C15A0020055659F /* XCoordinator */,
				456038EE2C1ED91B00BE25FC /* XEntities */,
				458100CF2C17722700F2AC0A /* XToolKit */,
			);
			path = Packages;
			sourceTree = "<group>";
		};
		45E2C60D2C3AF60D00951264 /* PlayerFlow */ = {
			isa = PBXGroup;
			children = (
				45E2C6102C3AF76500951264 /* PlayerFlowCoordinator.swift */,
				45E2C6112C3AF76500951264 /* PlayerFlowCoordinator+CoordinationRequestProtocol.swift */,
				45E2C6142C3AF76500951264 /* PlayerFlowCoordinator+Features.swift */,
				45E2C6122C3AF76500951264 /* PlayerFlowCoordinator+ViewBuilder.swift */,
				45E2C6132C3AF76500951264 /* PlayerFlowView.swift */,
				45E2C60E2C3AF6FF00951264 /* PlayerFlowContext.swift */,
			);
			path = PlayerFlow;
			sourceTree = "<group>";
		};
/* End PBXGroup section */

/* Begin PBXNativeTarget section */
		4524A0912C0A3CF1002A3B40 /* Xiuxiueig */ = {
			isa = PBXNativeTarget;
			buildConfigurationList = 4524A0B62C0A3CF2002A3B40 /* Build configuration list for PBXNativeTarget "Xiuxiueig" */;
			buildPhases = (
				4524A08E2C0A3CF1002A3B40 /* Sources */,
				45EA9A602C0CE7F2006C14E8 /* Swiftlint */,
				4524A08F2C0A3CF1002A3B40 /* Frameworks */,
				4524A0902C0A3CF1002A3B40 /* Resources */,
			);
			buildRules = (
			);
			dependencies = (
			);
			name = Xiuxiueig;
			packageProductDependencies = (
				454498592C248D5B005357FD /* XEntities */,
				4544985B2C248D66005357FD /* XCoordinator */,
				4544985D2C248D74005357FD /* XLectureCollection */,
				4544985F2C248D74005357FD /* XToolKit */,
				454498612C248D80005357FD /* XLectureDetails */,
				454498712C27FDD4005357FD /* XLogin */,
				454498802C281EA1005357FD /* XOnboarding */,
				454CFD362C35C66D00FA2CA5 /* XPreferences */,
				454CFD502C398C7D00FA2CA5 /* XSettings */,
				45E2C60B2C3AEEC900951264 /* XPlayer */,
				45E2C61E2C46756400951264 /* XRepositories */,
			);
			productName = Xiuxiueig_iOS;
			productReference = 4524A0922C0A3CF1002A3B40 /* Xiuxiueig.app */;
			productType = "com.apple.product-type.application";
		};
		4524A0A12C0A3CF2002A3B40 /* Xiuxiueig_iOSTests */ = {
			isa = PBXNativeTarget;
			buildConfigurationList = 4524A0B92C0A3CF2002A3B40 /* Build configuration list for PBXNativeTarget "Xiuxiueig_iOSTests" */;
			buildPhases = (
				4524A09E2C0A3CF2002A3B40 /* Sources */,
				4524A09F2C0A3CF2002A3B40 /* Frameworks */,
				4524A0A02C0A3CF2002A3B40 /* Resources */,
			);
			buildRules = (
			);
			dependencies = (
				4524A0A42C0A3CF2002A3B40 /* PBXTargetDependency */,
			);
			name = Xiuxiueig_iOSTests;
			productName = Xiuxiueig_iOSTests;
			productReference = 4524A0A22C0A3CF2002A3B40 /* Xiuxiueig_iOSTests.xctest */;
			productType = "com.apple.product-type.bundle.unit-test";
		};
		4524A0AB2C0A3CF2002A3B40 /* Xiuxiueig_iOSUITests */ = {
			isa = PBXNativeTarget;
			buildConfigurationList = 4524A0BC2C0A3CF2002A3B40 /* Build configuration list for PBXNativeTarget "Xiuxiueig_iOSUITests" */;
			buildPhases = (
				4524A0A82C0A3CF2002A3B40 /* Sources */,
				4524A0A92C0A3CF2002A3B40 /* Frameworks */,
				4524A0AA2C0A3CF2002A3B40 /* Resources */,
			);
			buildRules = (
			);
			dependencies = (
				4524A0AE2C0A3CF2002A3B40 /* PBXTargetDependency */,
			);
			name = Xiuxiueig_iOSUITests;
			productName = Xiuxiueig_iOSUITests;
			productReference = 4524A0AC2C0A3CF2002A3B40 /* Xiuxiueig_iOSUITests.xctest */;
			productType = "com.apple.product-type.bundle.ui-testing";
		};
/* End PBXNativeTarget section */

/* Begin PBXProject section */
		4524A08A2C0A3CF1002A3B40 /* Project object */ = {
			isa = PBXProject;
			attributes = {
				BuildIndependentTargetsInParallel = 1;
				LastSwiftUpdateCheck = 1540;
				LastUpgradeCheck = 1540;
				TargetAttributes = {
					4524A0912C0A3CF1002A3B40 = {
						CreatedOnToolsVersion = 15.4;
					};
					4524A0A12C0A3CF2002A3B40 = {
						CreatedOnToolsVersion = 15.4;
						TestTargetID = 4524A0912C0A3CF1002A3B40;
					};
					4524A0AB2C0A3CF2002A3B40 = {
						CreatedOnToolsVersion = 15.4;
						TestTargetID = 4524A0912C0A3CF1002A3B40;
					};
				};
			};
			buildConfigurationList = 4524A08D2C0A3CF1002A3B40 /* Build configuration list for PBXProject "Xiuxiueig_iOS" */;
			compatibilityVersion = "Xcode 14.0";
			developmentRegion = en;
			hasScannedForEncodings = 0;
			knownRegions = (
				en,
				Base,
			);
			mainGroup = 4524A0892C0A3CF1002A3B40;
			packageReferences = (
			);
			productRefGroup = 4524A0932C0A3CF1002A3B40 /* Products */;
			projectDirPath = "";
			projectRoot = "";
			targets = (
				4524A0912C0A3CF1002A3B40 /* Xiuxiueig */,
				4524A0A12C0A3CF2002A3B40 /* Xiuxiueig_iOSTests */,
				4524A0AB2C0A3CF2002A3B40 /* Xiuxiueig_iOSUITests */,
			);
		};
/* End PBXProject section */

/* Begin PBXResourcesBuildPhase section */
		4524A0902C0A3CF1002A3B40 /* Resources */ = {
			isa = PBXResourcesBuildPhase;
			buildActionMask = 2147483647;
			files = (
				4524A09D2C0A3CF2002A3B40 /* Preview Assets.xcassets in Resources */,
				4524A09A2C0A3CF2002A3B40 /* Assets.xcassets in Resources */,
			);
			runOnlyForDeploymentPostprocessing = 0;
		};
		4524A0A02C0A3CF2002A3B40 /* Resources */ = {
			isa = PBXResourcesBuildPhase;
			buildActionMask = 2147483647;
			files = (
			);
			runOnlyForDeploymentPostprocessing = 0;
		};
		4524A0AA2C0A3CF2002A3B40 /* Resources */ = {
			isa = PBXResourcesBuildPhase;
			buildActionMask = 2147483647;
			files = (
			);
			runOnlyForDeploymentPostprocessing = 0;
		};
/* End PBXResourcesBuildPhase section */

/* Begin PBXShellScriptBuildPhase section */
		45EA9A602C0CE7F2006C14E8 /* Swiftlint */ = {
			isa = PBXShellScriptBuildPhase;
			alwaysOutOfDate = 1;
			buildActionMask = 2147483647;
			files = (
			);
			inputFileListPaths = (
			);
			inputPaths = (
			);
			name = Swiftlint;
			outputFileListPaths = (
			);
			outputPaths = (
			);
			runOnlyForDeploymentPostprocessing = 0;
			shellPath = /bin/sh;
			shellScript = "if [[ \"$(uname -m)\" == arm64 ]]\nthen\n    export PATH=\"/opt/homebrew/bin:$PATH\"\nfi\n\nif command -v swiftlint >/dev/null 2>&1\nthen\n    swiftlint rules\n    swiftlint\nelse\n    echo \"warning: `swiftlint` command not found - See https://github.com/realm/SwiftLint#installation for installation instructions.\"\nfi\n";
		};
/* End PBXShellScriptBuildPhase section */

/* Begin PBXSourcesBuildPhase section */
		4524A08E2C0A3CF1002A3B40 /* Sources */ = {
			isa = PBXSourcesBuildPhase;
			buildActionMask = 2147483647;
			files = (
				454CFD4C2C3987FF00FA2CA5 /* SettingsFlowCoordinator+ViewBuilder.swift in Sources */,
				45E2C6182C3AF76500951264 /* PlayerFlowView.swift in Sources */,
				4544986F2C26B754005357FD /* AppFlowView.swift in Sources */,
				456038F92C20A90900BE25FC /* CollectionFlowView.swift in Sources */,
				45E2C6192C3AF76500951264 /* PlayerFlowCoordinator+Features.swift in Sources */,
				456038FC2C22055700BE25FC /* XLectureCollectionAdapter.swift in Sources */,
				458100CA2C16169B00F2AC0A /* LoggedInFlowView.swift in Sources */,
				454CFD4E2C39882D00FA2CA5 /* SettingsFlowView.swift in Sources */,
				454CFD462C39867800FA2CA5 /* SettingsFlowCoordinator.swift in Sources */,
				45E2C61B2C3AF8AA00951264 /* XPlayerAdapter.swift in Sources */,
				45E2C6172C3AF76500951264 /* PlayerFlowCoordinator+ViewBuilder.swift in Sources */,
				456038F72C20A8F300BE25FC /* CollectionFlowCoordinator.swift in Sources */,
				45E2C60F2C3AF6FF00951264 /* PlayerFlowContext.swift in Sources */,
				454498682C2494E6005357FD /* CollectionFlowCoordinator+ViewBuilder.swift in Sources */,
				454CFD482C39873D00FA2CA5 /* SettingsFlowCoordinator+CoordinationRequestProtocol.swift in Sources */,
				454CFD3E2C394C7900FA2CA5 /* CollectionFlowContext.swift in Sources */,
				4544986D2C26B740005357FD /* AppFlowCoordinator.swift in Sources */,
				454498642C249244005357FD /* CollectionFlowCoordinator+Features.swift in Sources */,
				454CFD3C2C3949DF00FA2CA5 /* LoggedInFlowContext.swift in Sources */,
				454CFD3A2C385A9400FA2CA5 /* PreferencesKeys.swift in Sources */,
				4544987A2C28140C005357FD /* AppFlowCoordinator+LoggedIn.swift in Sources */,
				454CFD4A2C39878800FA2CA5 /* SettingsFlowCoordinator+Features.swift in Sources */,
				454498782C28138C005357FD /* AppFlowCoordinator+XCoordinationRequestProtocol.swift in Sources */,
				45E2C6152C3AF76500951264 /* PlayerFlowCoordinator.swift in Sources */,
				454498762C281270005357FD /* XLoginAdapter.swift in Sources */,
				454498662C2492A2005357FD /* CollectionFlowCoordinator+CoordinationRequestProtocol.swift in Sources */,
				454498742C2811F9005357FD /* AppFlowCoordinator+Login.swift in Sources */,
				454CFD442C39864800FA2CA5 /* SettingsFlowContext.swift in Sources */,
				454498832C281EF5005357FD /* XOnboardingAdapter.swift in Sources */,
				454CFD532C398C9700FA2CA5 /* XSettingsAdapter.swift in Sources */,
				458100C82C16167F00F2AC0A /* LoggedInFlowCoordinator.swift in Sources */,
				4544986A2C2496E7005357FD /* XLectureDetailsAdapter.swift in Sources */,
				45E2C6162C3AF76500951264 /* PlayerFlowCoordinator+CoordinationRequestProtocol.swift in Sources */,
				4544987C2C28146D005357FD /* AppFlowCoordinator+Onboarding.swift in Sources */,
				4524A0962C0A3CF1002A3B40 /* Xiuxiueig_iOSApp.swift in Sources */,
			);
			runOnlyForDeploymentPostprocessing = 0;
		};
		4524A09E2C0A3CF2002A3B40 /* Sources */ = {
			isa = PBXSourcesBuildPhase;
			buildActionMask = 2147483647;
			files = (
				4524A0A72C0A3CF2002A3B40 /* Xiuxiueig_iOSTests.swift in Sources */,
			);
			runOnlyForDeploymentPostprocessing = 0;
		};
		4524A0A82C0A3CF2002A3B40 /* Sources */ = {
			isa = PBXSourcesBuildPhase;
			buildActionMask = 2147483647;
			files = (
				4524A0B32C0A3CF2002A3B40 /* Xiuxiueig_iOSUITestsLaunchTests.swift in Sources */,
				4524A0B12C0A3CF2002A3B40 /* Xiuxiueig_iOSUITests.swift in Sources */,
			);
			runOnlyForDeploymentPostprocessing = 0;
		};
/* End PBXSourcesBuildPhase section */

/* Begin PBXTargetDependency section */
		4524A0A42C0A3CF2002A3B40 /* PBXTargetDependency */ = {
			isa = PBXTargetDependency;
			target = 4524A0912C0A3CF1002A3B40 /* Xiuxiueig */;
			targetProxy = 4524A0A32C0A3CF2002A3B40 /* PBXContainerItemProxy */;
		};
		4524A0AE2C0A3CF2002A3B40 /* PBXTargetDependency */ = {
			isa = PBXTargetDependency;
			target = 4524A0912C0A3CF1002A3B40 /* Xiuxiueig */;
			targetProxy = 4524A0AD2C0A3CF2002A3B40 /* PBXContainerItemProxy */;
		};
/* End PBXTargetDependency section */

/* Begin XCBuildConfiguration section */
		4524A0B42C0A3CF2002A3B40 /* Debug */ = {
			isa = XCBuildConfiguration;
			buildSettings = {
				ALWAYS_SEARCH_USER_PATHS = NO;
				ASSETCATALOG_COMPILER_GENERATE_SWIFT_ASSET_SYMBOL_EXTENSIONS = YES;
				CLANG_ANALYZER_NONNULL = YES;
				CLANG_ANALYZER_NUMBER_OBJECT_CONVERSION = YES_AGGRESSIVE;
				CLANG_CXX_LANGUAGE_STANDARD = "gnu++20";
				CLANG_ENABLE_MODULES = YES;
				CLANG_ENABLE_OBJC_ARC = YES;
				CLANG_ENABLE_OBJC_WEAK = YES;
				CLANG_WARN_BLOCK_CAPTURE_AUTORELEASING = YES;
				CLANG_WARN_BOOL_CONVERSION = YES;
				CLANG_WARN_COMMA = YES;
				CLANG_WARN_CONSTANT_CONVERSION = YES;
				CLANG_WARN_DEPRECATED_OBJC_IMPLEMENTATIONS = YES;
				CLANG_WARN_DIRECT_OBJC_ISA_USAGE = YES_ERROR;
				CLANG_WARN_DOCUMENTATION_COMMENTS = YES;
				CLANG_WARN_EMPTY_BODY = YES;
				CLANG_WARN_ENUM_CONVERSION = YES;
				CLANG_WARN_INFINITE_RECURSION = YES;
				CLANG_WARN_INT_CONVERSION = YES;
				CLANG_WARN_NON_LITERAL_NULL_CONVERSION = YES;
				CLANG_WARN_OBJC_IMPLICIT_RETAIN_SELF = YES;
				CLANG_WARN_OBJC_LITERAL_CONVERSION = YES;
				CLANG_WARN_OBJC_ROOT_CLASS = YES_ERROR;
				CLANG_WARN_QUOTED_INCLUDE_IN_FRAMEWORK_HEADER = YES;
				CLANG_WARN_RANGE_LOOP_ANALYSIS = YES;
				CLANG_WARN_STRICT_PROTOTYPES = YES;
				CLANG_WARN_SUSPICIOUS_MOVE = YES;
				CLANG_WARN_UNGUARDED_AVAILABILITY = YES_AGGRESSIVE;
				CLANG_WARN_UNREACHABLE_CODE = YES;
				CLANG_WARN__DUPLICATE_METHOD_MATCH = YES;
				COPY_PHASE_STRIP = NO;
				DEBUG_INFORMATION_FORMAT = dwarf;
				ENABLE_STRICT_OBJC_MSGSEND = YES;
				ENABLE_TESTABILITY = YES;
				ENABLE_USER_SCRIPT_SANDBOXING = YES;
				GCC_C_LANGUAGE_STANDARD = gnu17;
				GCC_DYNAMIC_NO_PIC = NO;
				GCC_NO_COMMON_BLOCKS = YES;
				GCC_OPTIMIZATION_LEVEL = 0;
				GCC_PREPROCESSOR_DEFINITIONS = (
					"DEBUG=1",
					"$(inherited)",
				);
				GCC_WARN_64_TO_32_BIT_CONVERSION = YES;
				GCC_WARN_ABOUT_RETURN_TYPE = YES_ERROR;
				GCC_WARN_UNDECLARED_SELECTOR = YES;
				GCC_WARN_UNINITIALIZED_AUTOS = YES_AGGRESSIVE;
				GCC_WARN_UNUSED_FUNCTION = YES;
				GCC_WARN_UNUSED_VARIABLE = YES;
				IPHONEOS_DEPLOYMENT_TARGET = 17.5;
				LOCALIZATION_PREFERS_STRING_CATALOGS = YES;
				MTL_ENABLE_DEBUG_INFO = INCLUDE_SOURCE;
				MTL_FAST_MATH = YES;
				ONLY_ACTIVE_ARCH = YES;
				SDKROOT = iphoneos;
				SWIFT_ACTIVE_COMPILATION_CONDITIONS = "DEBUG $(inherited)";
				SWIFT_OPTIMIZATION_LEVEL = "-Onone";
			};
			name = Debug;
		};
		4524A0B52C0A3CF2002A3B40 /* Release */ = {
			isa = XCBuildConfiguration;
			buildSettings = {
				ALWAYS_SEARCH_USER_PATHS = NO;
				ASSETCATALOG_COMPILER_GENERATE_SWIFT_ASSET_SYMBOL_EXTENSIONS = YES;
				CLANG_ANALYZER_NONNULL = YES;
				CLANG_ANALYZER_NUMBER_OBJECT_CONVERSION = YES_AGGRESSIVE;
				CLANG_CXX_LANGUAGE_STANDARD = "gnu++20";
				CLANG_ENABLE_MODULES = YES;
				CLANG_ENABLE_OBJC_ARC = YES;
				CLANG_ENABLE_OBJC_WEAK = YES;
				CLANG_WARN_BLOCK_CAPTURE_AUTORELEASING = YES;
				CLANG_WARN_BOOL_CONVERSION = YES;
				CLANG_WARN_COMMA = YES;
				CLANG_WARN_CONSTANT_CONVERSION = YES;
				CLANG_WARN_DEPRECATED_OBJC_IMPLEMENTATIONS = YES;
				CLANG_WARN_DIRECT_OBJC_ISA_USAGE = YES_ERROR;
				CLANG_WARN_DOCUMENTATION_COMMENTS = YES;
				CLANG_WARN_EMPTY_BODY = YES;
				CLANG_WARN_ENUM_CONVERSION = YES;
				CLANG_WARN_INFINITE_RECURSION = YES;
				CLANG_WARN_INT_CONVERSION = YES;
				CLANG_WARN_NON_LITERAL_NULL_CONVERSION = YES;
				CLANG_WARN_OBJC_IMPLICIT_RETAIN_SELF = YES;
				CLANG_WARN_OBJC_LITERAL_CONVERSION = YES;
				CLANG_WARN_OBJC_ROOT_CLASS = YES_ERROR;
				CLANG_WARN_QUOTED_INCLUDE_IN_FRAMEWORK_HEADER = YES;
				CLANG_WARN_RANGE_LOOP_ANALYSIS = YES;
				CLANG_WARN_STRICT_PROTOTYPES = YES;
				CLANG_WARN_SUSPICIOUS_MOVE = YES;
				CLANG_WARN_UNGUARDED_AVAILABILITY = YES_AGGRESSIVE;
				CLANG_WARN_UNREACHABLE_CODE = YES;
				CLANG_WARN__DUPLICATE_METHOD_MATCH = YES;
				COPY_PHASE_STRIP = NO;
				DEBUG_INFORMATION_FORMAT = "dwarf-with-dsym";
				ENABLE_NS_ASSERTIONS = NO;
				ENABLE_STRICT_OBJC_MSGSEND = YES;
				ENABLE_USER_SCRIPT_SANDBOXING = YES;
				GCC_C_LANGUAGE_STANDARD = gnu17;
				GCC_NO_COMMON_BLOCKS = YES;
				GCC_WARN_64_TO_32_BIT_CONVERSION = YES;
				GCC_WARN_ABOUT_RETURN_TYPE = YES_ERROR;
				GCC_WARN_UNDECLARED_SELECTOR = YES;
				GCC_WARN_UNINITIALIZED_AUTOS = YES_AGGRESSIVE;
				GCC_WARN_UNUSED_FUNCTION = YES;
				GCC_WARN_UNUSED_VARIABLE = YES;
				IPHONEOS_DEPLOYMENT_TARGET = 17.5;
				LOCALIZATION_PREFERS_STRING_CATALOGS = YES;
				MTL_ENABLE_DEBUG_INFO = NO;
				MTL_FAST_MATH = YES;
				SDKROOT = iphoneos;
				SWIFT_COMPILATION_MODE = wholemodule;
				VALIDATE_PRODUCT = YES;
			};
			name = Release;
		};
		4524A0B72C0A3CF2002A3B40 /* Debug */ = {
			isa = XCBuildConfiguration;
			buildSettings = {
				ASSETCATALOG_COMPILER_APPICON_NAME = AppIcon;
				ASSETCATALOG_COMPILER_GLOBAL_ACCENT_COLOR_NAME = AccentColor;
				CODE_SIGN_STYLE = Manual;
				CURRENT_PROJECT_VERSION = 1;
				DEVELOPMENT_ASSET_PATHS = "\"Xiuxiueig_iOS/Preview Content\"";
				DEVELOPMENT_TEAM = "";
				ENABLE_PREVIEWS = YES;
				ENABLE_USER_SCRIPT_SANDBOXING = NO;
				GENERATE_INFOPLIST_FILE = YES;
				INFOPLIST_KEY_UIApplicationSceneManifest_Generation = YES;
				INFOPLIST_KEY_UIApplicationSupportsIndirectInputEvents = YES;
				INFOPLIST_KEY_UILaunchScreen_Generation = YES;
				INFOPLIST_KEY_UISupportedInterfaceOrientations_iPad = "UIInterfaceOrientationPortrait UIInterfaceOrientationPortraitUpsideDown UIInterfaceOrientationLandscapeLeft UIInterfaceOrientationLandscapeRight";
				INFOPLIST_KEY_UISupportedInterfaceOrientations_iPhone = "UIInterfaceOrientationPortrait UIInterfaceOrientationLandscapeLeft UIInterfaceOrientationLandscapeRight";
				LD_RUNPATH_SEARCH_PATHS = (
					"$(inherited)",
					"@executable_path/Frameworks",
				);
				MARKETING_VERSION = 1.0;
				PRODUCT_BUNDLE_IDENTIFIER = com.josealobato.Xiuxiueig;
				PRODUCT_NAME = "$(TARGET_NAME)";
				PROVISIONING_PROFILE_SPECIFIER = "";
				SWIFT_EMIT_LOC_STRINGS = YES;
				SWIFT_VERSION = 5.0;
				TARGETED_DEVICE_FAMILY = "1,2";
			};
			name = Debug;
		};
		4524A0B82C0A3CF2002A3B40 /* Release */ = {
			isa = XCBuildConfiguration;
			buildSettings = {
				ASSETCATALOG_COMPILER_APPICON_NAME = AppIcon;
				ASSETCATALOG_COMPILER_GLOBAL_ACCENT_COLOR_NAME = AccentColor;
				CODE_SIGN_STYLE = Manual;
				CURRENT_PROJECT_VERSION = 1;
				DEVELOPMENT_ASSET_PATHS = "\"Xiuxiueig_iOS/Preview Content\"";
				DEVELOPMENT_TEAM = "";
				ENABLE_PREVIEWS = YES;
				ENABLE_USER_SCRIPT_SANDBOXING = NO;
				GENERATE_INFOPLIST_FILE = YES;
				INFOPLIST_KEY_UIApplicationSceneManifest_Generation = YES;
				INFOPLIST_KEY_UIApplicationSupportsIndirectInputEvents = YES;
				INFOPLIST_KEY_UILaunchScreen_Generation = YES;
				INFOPLIST_KEY_UISupportedInterfaceOrientations_iPad = "UIInterfaceOrientationPortrait UIInterfaceOrientationPortraitUpsideDown UIInterfaceOrientationLandscapeLeft UIInterfaceOrientationLandscapeRight";
				INFOPLIST_KEY_UISupportedInterfaceOrientations_iPhone = "UIInterfaceOrientationPortrait UIInterfaceOrientationLandscapeLeft UIInterfaceOrientationLandscapeRight";
				LD_RUNPATH_SEARCH_PATHS = (
					"$(inherited)",
					"@executable_path/Frameworks",
				);
				MARKETING_VERSION = 1.0;
				PRODUCT_BUNDLE_IDENTIFIER = com.josealobato.Xiuxiueig;
				PRODUCT_NAME = "$(TARGET_NAME)";
				PROVISIONING_PROFILE_SPECIFIER = "";
				SWIFT_EMIT_LOC_STRINGS = YES;
				SWIFT_VERSION = 5.0;
				TARGETED_DEVICE_FAMILY = "1,2";
			};
			name = Release;
		};
		4524A0BA2C0A3CF2002A3B40 /* Debug */ = {
			isa = XCBuildConfiguration;
			buildSettings = {
				ALWAYS_EMBED_SWIFT_STANDARD_LIBRARIES = YES;
				BUNDLE_LOADER = "$(TEST_HOST)";
				CODE_SIGN_STYLE = Automatic;
				CURRENT_PROJECT_VERSION = 1;
				GENERATE_INFOPLIST_FILE = YES;
				IPHONEOS_DEPLOYMENT_TARGET = 17.5;
				MARKETING_VERSION = 1.0;
				PRODUCT_BUNDLE_IDENTIFIER = "com.josealobato.Xiuxiueig-iOSTests";
				PRODUCT_NAME = "$(TARGET_NAME)";
				SWIFT_EMIT_LOC_STRINGS = NO;
				SWIFT_VERSION = 5.0;
				TARGETED_DEVICE_FAMILY = "1,2";
				TEST_HOST = "$(BUILT_PRODUCTS_DIR)/Xiuxiueig.app/$(BUNDLE_EXECUTABLE_FOLDER_PATH)/Xiuxiueig";
			};
			name = Debug;
		};
		4524A0BB2C0A3CF2002A3B40 /* Release */ = {
			isa = XCBuildConfiguration;
			buildSettings = {
				ALWAYS_EMBED_SWIFT_STANDARD_LIBRARIES = YES;
				BUNDLE_LOADER = "$(TEST_HOST)";
				CODE_SIGN_STYLE = Automatic;
				CURRENT_PROJECT_VERSION = 1;
				GENERATE_INFOPLIST_FILE = YES;
				IPHONEOS_DEPLOYMENT_TARGET = 17.5;
				MARKETING_VERSION = 1.0;
				PRODUCT_BUNDLE_IDENTIFIER = "com.josealobato.Xiuxiueig-iOSTests";
				PRODUCT_NAME = "$(TARGET_NAME)";
				SWIFT_EMIT_LOC_STRINGS = NO;
				SWIFT_VERSION = 5.0;
				TARGETED_DEVICE_FAMILY = "1,2";
				TEST_HOST = "$(BUILT_PRODUCTS_DIR)/Xiuxiueig.app/$(BUNDLE_EXECUTABLE_FOLDER_PATH)/Xiuxiueig";
			};
			name = Release;
		};
		4524A0BD2C0A3CF2002A3B40 /* Debug */ = {
			isa = XCBuildConfiguration;
			buildSettings = {
				ALWAYS_EMBED_SWIFT_STANDARD_LIBRARIES = YES;
				CODE_SIGN_STYLE = Automatic;
				CURRENT_PROJECT_VERSION = 1;
				GENERATE_INFOPLIST_FILE = YES;
				MARKETING_VERSION = 1.0;
				PRODUCT_BUNDLE_IDENTIFIER = "com.josealobato.Xiuxiueig-iOSUITests";
				PRODUCT_NAME = "$(TARGET_NAME)";
				SWIFT_EMIT_LOC_STRINGS = NO;
				SWIFT_VERSION = 5.0;
				TARGETED_DEVICE_FAMILY = "1,2";
				TEST_TARGET_NAME = Xiuxiueig_iOS;
			};
			name = Debug;
		};
		4524A0BE2C0A3CF2002A3B40 /* Release */ = {
			isa = XCBuildConfiguration;
			buildSettings = {
				ALWAYS_EMBED_SWIFT_STANDARD_LIBRARIES = YES;
				CODE_SIGN_STYLE = Automatic;
				CURRENT_PROJECT_VERSION = 1;
				GENERATE_INFOPLIST_FILE = YES;
				MARKETING_VERSION = 1.0;
				PRODUCT_BUNDLE_IDENTIFIER = "com.josealobato.Xiuxiueig-iOSUITests";
				PRODUCT_NAME = "$(TARGET_NAME)";
				SWIFT_EMIT_LOC_STRINGS = NO;
				SWIFT_VERSION = 5.0;
				TARGETED_DEVICE_FAMILY = "1,2";
				TEST_TARGET_NAME = Xiuxiueig_iOS;
			};
			name = Release;
		};
/* End XCBuildConfiguration section */

/* Begin XCConfigurationList section */
		4524A08D2C0A3CF1002A3B40 /* Build configuration list for PBXProject "Xiuxiueig_iOS" */ = {
			isa = XCConfigurationList;
			buildConfigurations = (
				4524A0B42C0A3CF2002A3B40 /* Debug */,
				4524A0B52C0A3CF2002A3B40 /* Release */,
			);
			defaultConfigurationIsVisible = 0;
			defaultConfigurationName = Release;
		};
		4524A0B62C0A3CF2002A3B40 /* Build configuration list for PBXNativeTarget "Xiuxiueig" */ = {
			isa = XCConfigurationList;
			buildConfigurations = (
				4524A0B72C0A3CF2002A3B40 /* Debug */,
				4524A0B82C0A3CF2002A3B40 /* Release */,
			);
			defaultConfigurationIsVisible = 0;
			defaultConfigurationName = Release;
		};
		4524A0B92C0A3CF2002A3B40 /* Build configuration list for PBXNativeTarget "Xiuxiueig_iOSTests" */ = {
			isa = XCConfigurationList;
			buildConfigurations = (
				4524A0BA2C0A3CF2002A3B40 /* Debug */,
				4524A0BB2C0A3CF2002A3B40 /* Release */,
			);
			defaultConfigurationIsVisible = 0;
			defaultConfigurationName = Release;
		};
		4524A0BC2C0A3CF2002A3B40 /* Build configuration list for PBXNativeTarget "Xiuxiueig_iOSUITests" */ = {
			isa = XCConfigurationList;
			buildConfigurations = (
				4524A0BD2C0A3CF2002A3B40 /* Debug */,
				4524A0BE2C0A3CF2002A3B40 /* Release */,
			);
			defaultConfigurationIsVisible = 0;
			defaultConfigurationName = Release;
		};
/* End XCConfigurationList section */

/* Begin XCSwiftPackageProductDependency section */
		454498592C248D5B005357FD /* XEntities */ = {
			isa = XCSwiftPackageProductDependency;
			productName = XEntities;
		};
		4544985B2C248D66005357FD /* XCoordinator */ = {
			isa = XCSwiftPackageProductDependency;
			productName = XCoordinator;
		};
		4544985D2C248D74005357FD /* XLectureCollection */ = {
			isa = XCSwiftPackageProductDependency;
			productName = XLectureCollection;
		};
		4544985F2C248D74005357FD /* XToolKit */ = {
			isa = XCSwiftPackageProductDependency;
			productName = XToolKit;
		};
		454498612C248D80005357FD /* XLectureDetails */ = {
			isa = XCSwiftPackageProductDependency;
			productName = XLectureDetails;
		};
		454498712C27FDD4005357FD /* XLogin */ = {
			isa = XCSwiftPackageProductDependency;
			productName = XLogin;
		};
		454498802C281EA1005357FD /* XOnboarding */ = {
			isa = XCSwiftPackageProductDependency;
			productName = XOnboarding;
		};
		454CFD362C35C66D00FA2CA5 /* XPreferences */ = {
			isa = XCSwiftPackageProductDependency;
			productName = XPreferences;
		};
		454CFD502C398C7D00FA2CA5 /* XSettings */ = {
			isa = XCSwiftPackageProductDependency;
			productName = XSettings;
		};
		45E2C60B2C3AEEC900951264 /* XPlayer */ = {
			isa = XCSwiftPackageProductDependency;
			productName = XPlayer;
		};
		45E2C61E2C46756400951264 /* XRepositories */ = {
			isa = XCSwiftPackageProductDependency;
			productName = XRepositories;
		};
/* End XCSwiftPackageProductDependency section */
	};
	rootObject = 4524A08A2C0A3CF1002A3B40 /* Project object */;
}
